{
  "name": "cognitive_practice",
  "lockfileVersion": 3,
  "requires": true,
  "packages": {
    "": {
      "dependencies": {
        "flatpickr": "^4.6.13",
        "vue-datepicker": "^1.3.0"
      }
    },
    "node_modules/flatpickr": {
      "version": "4.6.13",
      "resolved": "https://registry.npmjs.org/flatpickr/-/flatpickr-4.6.13.tgz",
      "integrity": "sha512-97PMG/aywoYpB4IvbvUJi0RQi8vearvU0oov1WW3k0WZPBMrTQVqekSX5CjSG/M4Q3i6A/0FKXC7RyAoAUUSPw==",
      "license": "MIT"
    },
    "node_modules/moment": {
      "version": "2.30.1",
      "resolved": "https://registry.npmjs.org/moment/-/moment-2.30.1.tgz",
      "integrity": "sha512-uEmtNhbDOrWPFS+hdjFCBfy9f2YoyzRpwcl+DqpC6taX21FzsTLQVbMV/W7PzNSX6x/bhC1zA3c2UQ5NzH6how==",
      "license": "MIT",
      "engines": {
        "node": "*"
      }
    },
    "node_modules/vue-datepicker": {
      "version": "1.3.0",
      "resolved": "https://registry.npmjs.org/vue-datepicker/-/vue-datepicker-1.3.0.tgz",
      "integrity": "sha512-k+Rj8BHTSaLaTVvBvYZmx2H39pQ44dqSxTzbc0e/Ey6CGYKa1Hehtw5nds/Za8xGIOnr08LzfYj+9Ukiay8Mqg==",
      "license": "MIT",
      "dependencies": {
        "moment": "^2.11.1"
      }
    }
  }
}
